// !$*UTF8*$!
{
	archiveVersion = 1;
	classes = {
	};
	objectVersion = 50;
	objects = {

/* Begin PBXBuildFile section */
		D9B6EC8026BCCCAD00F2BA23 /* API_CallingApp.swift in Sources */ = {isa = PBXBuildFile; fileRef = D9B6EC7F26BCCCAD00F2BA23 /* API_CallingApp.swift */; };
		D9B6EC8226BCCCAD00F2BA23 /* ContentView.swift in Sources */ = {isa = PBXBuildFile; fileRef = D9B6EC8126BCCCAD00F2BA23 /* ContentView.swift */; };
		D9B6EC8426BCCCAF00F2BA23 /* Assets.xcassets in Resources */ = {isa = PBXBuildFile; fileRef = D9B6EC8326BCCCAF00F2BA23 /* Assets.xcassets */; };
		D9B6EC8726BCCCAF00F2BA23 /* Preview Assets.xcassets in Resources */ = {isa = PBXBuildFile; fileRef = D9B6EC8626BCCCAF00F2BA23 /* Preview Assets.xcassets */; };
		D9B6EC9226BCCCAF00F2BA23 /* API_CallingTests.swift in Sources */ = {isa = PBXBuildFile; fileRef = D9B6EC9126BCCCAF00F2BA23 /* API_CallingTests.swift */; };
		D9B6EC9D26BCCCAF00F2BA23 /* API_CallingUITests.swift in Sources */ = {isa = PBXBuildFile; fileRef = D9B6EC9C26BCCCAF00F2BA23 /* API_CallingUITests.swift */; };
/* End PBXBuildFile section */

/* Begin PBXContainerItemProxy section */
		D9B6EC8E26BCCCAF00F2BA23 /* PBXContainerItemProxy */ = {
			isa = PBXContainerItemProxy;
			containerPortal = D9B6EC7426BCCCAD00F2BA23 /* Project object */;
			proxyType = 1;
			remoteGlobalIDString = D9B6EC7B26BCCCAD00F2BA23;
			remoteInfo = "API Calling";
		};
		D9B6EC9926BCCCAF00F2BA23 /* PBXContainerItemProxy */ = {
			isa = PBXContainerItemProxy;
			containerPortal = D9B6EC7426BCCCAD00F2BA23 /* Project object */;
			proxyType = 1;
			remoteGlobalIDString = D9B6EC7B26BCCCAD00F2BA23;
			remoteInfo = "API Calling";
		};
/* End PBXContainerItemProxy section */

/* Begin PBXFileReference section */
		D9B6EC7C26BCCCAD00F2BA23 /* API Calling.app */ = {isa = PBXFileReference; explicitFileType = wrapper.application; includeInIndex = 0; path = "API Calling.app"; sourceTree = BUILT_PRODUCTS_DIR; };
		D9B6EC7F26BCCCAD00F2BA23 /* API_CallingApp.swift */ = {isa = PBXFileReference; lastKnownFileType = sourcecode.swift; path = API_CallingApp.swift; sourceTree = "<group>"; };
		D9B6EC8126BCCCAD00F2BA23 /* ContentView.swift */ = {isa = PBXFileReference; lastKnownFileType = sourcecode.swift; path = ContentView.swift; sourceTree = "<group>"; };
		D9B6EC8326BCCCAF00F2BA23 /* Assets.xcassets */ = {isa = PBXFileReference; lastKnownFileType = folder.assetcatalog; path = Assets.xcassets; sourceTree = "<group>"; };
		D9B6EC8626BCCCAF00F2BA23 /* Preview Assets.xcassets */ = {isa = PBXFileReference; lastKnownFileType = folder.assetcatalog; path = "Preview Assets.xcassets"; sourceTree = "<group>"; };
		D9B6EC8826BCCCAF00F2BA23 /* Info.plist */ = {isa = PBXFileReference; lastKnownFileType = text.plist.xml; path = Info.plist; sourceTree = "<group>"; };
		D9B6EC8D26BCCCAF00F2BA23 /* API CallingTests.xctest */ = {isa = PBXFileReference; explicitFileType = wrapper.cfbundle; includeInIndex = 0; path = "API CallingTests.xctest"; sourceTree = BUILT_PRODUCTS_DIR; };
		D9B6EC9126BCCCAF00F2BA23 /* API_CallingTests.swift */ = {isa = PBXFileReference; lastKnownFileType = sourcecode.swift; path = API_CallingTests.swift; sourceTree = "<group>"; };
		D9B6EC9326BCCCAF00F2BA23 /* Info.plist */ = {isa = PBXFileReference; lastKnownFileType = text.plist.xml; path = Info.plist; sourceTree = "<group>"; };
		D9B6EC9826BCCCAF00F2BA23 /* API CallingUITests.xctest */ = {isa = PBXFileReference; explicitFileType = wrapper.cfbundle; includeInIndex = 0; path = "API CallingUITests.xctest"; sourceTree = BUILT_PRODUCTS_DIR; };
		D9B6EC9C26BCCCAF00F2BA23 /* API_CallingUITests.swift */ = {isa = PBXFileReference; lastKnownFileType = sourcecode.swift; path = API_CallingUITests.swift; sourceTree = "<group>"; };
		D9B6EC9E26BCCCAF00F2BA23 /* Info.plist */ = {isa = PBXFileReference; lastKnownFileType = text.plist.xml; path = Info.plist; sourceTree = "<group>"; };
/* End PBXFileReference section */

/* Begin PBXFrameworksBuildPhase section */
		D9B6EC7926BCCCAD00F2BA23 /* Frameworks */ = {
			isa = PBXFrameworksBuildPhase;
			buildActionMask = 2147483647;
			files = (
			);
			runOnlyForDeploymentPostprocessing = 0;
		};
		D9B6EC8A26BCCCAF00F2BA23 /* Frameworks */ = {
			isa = PBXFrameworksBuildPhase;
			buildActionMask = 2147483647;
			files = (
			);
			runOnlyForDeploymentPostprocessing = 0;
		};
		D9B6EC9526BCCCAF00F2BA23 /* Frameworks */ = {
			isa = PBXFrameworksBuildPhase;
			buildActionMask = 2147483647;
			files = (
			);
			runOnlyForDeploymentPostprocessing = 0;
		};
/* End PBXFrameworksBuildPhase section */

/* Begin PBXGroup section */
		D9B6EC7326BCCCAD00F2BA23 = {
			isa = PBXGroup;
			children = (
				D9B6EC7E26BCCCAD00F2BA23 /* API Calling */,
				D9B6EC9026BCCCAF00F2BA23 /* API CallingTests */,
				D9B6EC9B26BCCCAF00F2BA23 /* API CallingUITests */,
				D9B6EC7D26BCCCAD00F2BA23 /* Products */,
			);
			sourceTree = "<group>";
		};
		D9B6EC7D26BCCCAD00F2BA23 /* Products */ = {
			isa = PBXGroup;
			children = (
				D9B6EC7C26BCCCAD00F2BA23 /* API Calling.app */,
				D9B6EC8D26BCCCAF00F2BA23 /* API CallingTests.xctest */,
				D9B6EC9826BCCCAF00F2BA23 /* API CallingUITests.xctest */,
			);
			name = Products;
			sourceTree = "<group>";
		};
		D9B6EC7E26BCCCAD00F2BA23 /* API Calling */ = {
			isa = PBXGroup;
			children = (
				D9B6EC7F26BCCCAD00F2BA23 /* API_CallingApp.swift */,
				D9B6EC8126BCCCAD00F2BA23 /* ContentView.swift */,
				D9B6EC8326BCCCAF00F2BA23 /* Assets.xcassets */,
				D9B6EC8826BCCCAF00F2BA23 /* Info.plist */,
				D9B6EC8526BCCCAF00F2BA23 /* Preview Content */,
			);
			path = "API Calling";
			sourceTree = "<group>";
		};
		D9B6EC8526BCCCAF00F2BA23 /* Preview Content */ = {
			isa = PBXGroup;
			children = (
				D9B6EC8626BCCCAF00F2BA23 /* Preview Assets.xcassets */,
			);
			path = "Preview Content";
			sourceTree = "<group>";
		};
		D9B6EC9026BCCCAF00F2BA23 /* API CallingTests */ = {
			isa = PBXGroup;
			children = (
				D9B6EC9126BCCCAF00F2BA23 /* API_CallingTests.swift */,
				D9B6EC9326BCCCAF00F2BA23 /* Info.plist */,
			);
			path = "API CallingTests";
			sourceTree = "<group>";
		};
		D9B6EC9B26BCCCAF00F2BA23 /* API CallingUITests */ = {
			isa = PBXGroup;
			children = (
				D9B6EC9C26BCCCAF00F2BA23 /* API_CallingUITests.swift */,
				D9B6EC9E26BCCCAF00F2BA23 /* Info.plist */,
			);
			path = "API CallingUITests";
			sourceTree = "<group>";
		};
/* End PBXGroup section */

/* Begin PBXNativeTarget section */
		D9B6EC7B26BCCCAD00F2BA23 /* API Calling */ = {
			isa = PBXNativeTarget;
			buildConfigurationList = D9B6ECA126BCCCAF00F2BA23 /* Build configuration list for PBXNativeTarget "API Calling" */;
			buildPhases = (
				D9B6EC7826BCCCAD00F2BA23 /* Sources */,
				D9B6EC7926BCCCAD00F2BA23 /* Frameworks */,
				D9B6EC7A26BCCCAD00F2BA23 /* Resources */,
			);
			buildRules = (
			);
			dependencies = (
			);
			name = "API Calling";
			productName = "API Calling";
			productReference = D9B6EC7C26BCCCAD00F2BA23 /* API Calling.app */;
			productType = "com.apple.product-type.application";
		};
		D9B6EC8C26BCCCAF00F2BA23 /* API CallingTests */ = {
			isa = PBXNativeTarget;
			buildConfigurationList = D9B6ECA426BCCCAF00F2BA23 /* Build configuration list for PBXNativeTarget "API CallingTests" */;
			buildPhases = (
				D9B6EC8926BCCCAF00F2BA23 /* Sources */,
				D9B6EC8A26BCCCAF00F2BA23 /* Frameworks */,
				D9B6EC8B26BCCCAF00F2BA23 /* Resources */,
			);
			buildRules = (
			);
			dependencies = (
				D9B6EC8F26BCCCAF00F2BA23 /* PBXTargetDependency */,
			);
			name = "API CallingTests";
			productName = "API CallingTests";
			productReference = D9B6EC8D26BCCCAF00F2BA23 /* API CallingTests.xctest */;
			productType = "com.apple.product-type.bundle.unit-test";
		};
		D9B6EC9726BCCCAF00F2BA23 /* API CallingUITests */ = {
			isa = PBXNativeTarget;
			buildConfigurationList = D9B6ECA726BCCCAF00F2BA23 /* Build configuration list for PBXNativeTarget "API CallingUITests" */;
			buildPhases = (
				D9B6EC9426BCCCAF00F2BA23 /* Sources */,
				D9B6EC9526BCCCAF00F2BA23 /* Frameworks */,
				D9B6EC9626BCCCAF00F2BA23 /* Resources */,
			);
			buildRules = (
			);
			dependencies = (
				D9B6EC9A26BCCCAF00F2BA23 /* PBXTargetDependency */,
			);
			name = "API CallingUITests";
			productName = "API CallingUITests";
			productReference = D9B6EC9826BCCCAF00F2BA23 /* API CallingUITests.xctest */;
			productType = "com.apple.product-type.bundle.ui-testing";
		};
/* End PBXNativeTarget section */

/* Begin PBXProject section */
		D9B6EC7426BCCCAD00F2BA23 /* Project object */ = {
			isa = PBXProject;
			attributes = {
				LastSwiftUpdateCheck = 1250;
				LastUpgradeCheck = 1250;
				TargetAttributes = {
					D9B6EC7B26BCCCAD00F2BA23 = {
						CreatedOnToolsVersion = 12.5.1;
					};
					D9B6EC8C26BCCCAF00F2BA23 = {
						CreatedOnToolsVersion = 12.5.1;
						TestTargetID = D9B6EC7B26BCCCAD00F2BA23;
					};
					D9B6EC9726BCCCAF00F2BA23 = {
						CreatedOnToolsVersion = 12.5.1;
						TestTargetID = D9B6EC7B26BCCCAD00F2BA23;
					};
				};
			};
			buildConfigurationList = D9B6EC7726BCCCAD00F2BA23 /* Build configuration list for PBXProject "API Calling" */;
			compatibilityVersion = "Xcode 9.3";
			developmentRegion = en;
			hasScannedForEncodings = 0;
			knownRegions = (
				en,
				Base,
			);
			mainGroup = D9B6EC7326BCCCAD00F2BA23;
			productRefGroup = D9B6EC7D26BCCCAD00F2BA23 /* Products */;
			projectDirPath = "";
			projectRoot = "";
			targets = (
				D9B6EC7B26BCCCAD00F2BA23 /* API Calling */,
				D9B6EC8C26BCCCAF00F2BA23 /* API CallingTests */,
				D9B6EC9726BCCCAF00F2BA23 /* API CallingUITests */,
			);
		};
/* End PBXProject section */

/* Begin PBXResourcesBuildPhase section */
		D9B6EC7A26BCCCAD00F2BA23 /* Resources */ = {
			isa = PBXResourcesBuildPhase;
			buildActionMask = 2147483647;
			files = (
				D9B6EC8726BCCCAF00F2BA23 /* Preview Assets.xcassets in Resources */,
				D9B6EC8426BCCCAF00F2BA23 /* Assets.xcassets in Resources */,
			);
			runOnlyForDeploymentPostprocessing = 0;
		};
		D9B6EC8B26BCCCAF00F2BA23 /* Resources */ = {
			isa = PBXResourcesBuildPhase;
			buildActionMask = 2147483647;
			files = (
			);
			runOnlyForDeploymentPostprocessing = 0;
		};
		D9B6EC9626BCCCAF00F2BA23 /* Resources */ = {
			isa = PBXResourcesBuildPhase;
			buildActionMask = 2147483647;
			files = (
			);
			runOnlyForDeploymentPostprocessing = 0;
		};
/* End PBXResourcesBuildPhase section */

/* Begin PBXSourcesBuildPhase section */
		D9B6EC7826BCCCAD00F2BA23 /* Sources */ = {
			isa = PBXSourcesBuildPhase;
			buildActionMask = 2147483647;
			files = (
				D9B6EC8226BCCCAD00F2BA23 /* ContentView.swift in Sources */,
				D9B6EC8026BCCCAD00F2BA23 /* API_CallingApp.swift in Sources */,
			);
			runOnlyForDeploymentPostprocessing = 0;
		};
		D9B6EC8926BCCCAF00F2BA23 /* Sources */ = {
			isa = PBXSourcesBuildPhase;
			buildActionMask = 2147483647;
			files = (
				D9B6EC9226BCCCAF00F2BA23 /* API_CallingTests.swift in Sources */,
			);
			runOnlyForDeploymentPostprocessing = 0;
		};
		D9B6EC9426BCCCAF00F2BA23 /* Sources */ = {
			isa = PBXSourcesBuildPhase;
			buildActionMask = 2147483647;
			files = (
				D9B6EC9D26BCCCAF00F2BA23 /* API_CallingUITests.swift in Sources */,
			);
			runOnlyForDeploymentPostprocessing = 0;
		};
/* End PBXSourcesBuildPhase section */

/* Begin PBXTargetDependency section */
		D9B6EC8F26BCCCAF00F2BA23 /* PBXTargetDependency */ = {
			isa = PBXTargetDependency;
			target = D9B6EC7B26BCCCAD00F2BA23 /* API Calling */;
			targetProxy = D9B6EC8E26BCCCAF00F2BA23 /* PBXContainerItemProxy */;
		};
		D9B6EC9A26BCCCAF00F2BA23 /* PBXTargetDependency */ = {
			isa = PBXTargetDependency;
			target = D9B6EC7B26BCCCAD00F2BA23 /* API Calling */;
			targetProxy = D9B6EC9926BCCCAF00F2BA23 /* PBXContainerItemProxy */;
		};
/* End PBXTargetDependency section */

/* Begin XCBuildConfiguration section */
		D9B6EC9F26BCCCAF00F2BA23 /* Debug */ = {
			isa = XCBuildConfiguration;
			buildSettings = {
				ALWAYS_SEARCH_USER_PATHS = NO;
				CLANG_ANALYZER_NONNULL = YES;
				CLANG_ANALYZER_NUMBER_OBJECT_CONVERSION = YES_AGGRESSIVE;
				CLANG_CXX_LANGUAGE_STANDARD = "gnu++14";
				CLANG_CXX_LIBRARY = "libc++";
				CLANG_ENABLE_MODULES = YES;
				CLANG_ENABLE_OBJC_ARC = YES;
				CLANG_ENABLE_OBJC_WEAK = YES;
				CLANG_WARN_BLOCK_CAPTURE_AUTORELEASING = YES;
				CLANG_WARN_BOOL_CONVERSION = YES;
				CLANG_WARN_COMMA = YES;
				CLANG_WARN_CONSTANT_CONVERSION = YES;
				CLANG_WARN_DEPRECATED_OBJC_IMPLEMENTATIONS = YES;
				CLANG_WARN_DIRECT_OBJC_ISA_USAGE = YES_ERROR;
				CLANG_WARN_DOCUMENTATION_COMMENTS = YES;
				CLANG_WARN_EMPTY_BODY = YES;
				CLANG_WARN_ENUM_CONVERSION = YES;
				CLANG_WARN_INFINITE_RECURSION = YES;
				CLANG_WARN_INT_CONVERSION = YES;
				CLANG_WARN_NON_LITERAL_NULL_CONVERSION = YES;
				CLANG_WARN_OBJC_IMPLICIT_RETAIN_SELF = YES;
				CLANG_WARN_OBJC_LITERAL_CONVERSION = YES;
				CLANG_WARN_OBJC_ROOT_CLASS = YES_ERROR;
				CLANG_WARN_QUOTED_INCLUDE_IN_FRAMEWORK_HEADER = YES;
				CLANG_WARN_RANGE_LOOP_ANALYSIS = YES;
				CLANG_WARN_STRICT_PROTOTYPES = YES;
				CLANG_WARN_SUSPICIOUS_MOVE = YES;
				CLANG_WARN_UNGUARDED_AVAILABILITY = YES_AGGRESSIVE;
				CLANG_WARN_UNREACHABLE_CODE = YES;
				CLANG_WARN__DUPLICATE_METHOD_MATCH = YES;
				COPY_PHASE_STRIP = NO;
				DEBUG_INFORMATION_FORMAT = dwarf;
				ENABLE_STRICT_OBJC_MSGSEND = YES;
				ENABLE_TESTABILITY = YES;
				GCC_C_LANGUAGE_STANDARD = gnu11;
				GCC_DYNAMIC_NO_PIC = NO;
				GCC_NO_COMMON_BLOCKS = YES;
				GCC_OPTIMIZATION_LEVEL = 0;
				GCC_PREPROCESSOR_DEFINITIONS = (
					"DEBUG=1",
					"$(inherited)",
				);
				GCC_WARN_64_TO_32_BIT_CONVERSION = YES;
				GCC_WARN_ABOUT_RETURN_TYPE = YES_ERROR;
				GCC_WARN_UNDECLARED_SELECTOR = YES;
				GCC_WARN_UNINITIALIZED_AUTOS = YES_AGGRESSIVE;
				GCC_WARN_UNUSED_FUNCTION = YES;
				GCC_WARN_UNUSED_VARIABLE = YES;
				IPHONEOS_DEPLOYMENT_TARGET = 14.5;
				MTL_ENABLE_DEBUG_INFO = INCLUDE_SOURCE;
				MTL_FAST_MATH = YES;
				ONLY_ACTIVE_ARCH = YES;
				SDKROOT = iphoneos;
				SWIFT_ACTIVE_COMPILATION_CONDITIONS = DEBUG;
				SWIFT_OPTIMIZATION_LEVEL = "-Onone";
			};
			name = Debug;
		};
		D9B6ECA026BCCCAF00F2BA23 /* Release */ = {
			isa = XCBuildConfiguration;
			buildSettings = {
				ALWAYS_SEARCH_USER_PATHS = NO;
				CLANG_ANALYZER_NONNULL = YES;
				CLANG_ANALYZER_NUMBER_OBJECT_CONVERSION = YES_AGGRESSIVE;
				CLANG_CXX_LANGUAGE_STANDARD = "gnu++14";
				CLANG_CXX_LIBRARY = "libc++";
				CLANG_ENABLE_MODULES = YES;
				CLANG_ENABLE_OBJC_ARC = YES;
				CLANG_ENABLE_OBJC_WEAK = YES;
				CLANG_WARN_BLOCK_CAPTURE_AUTORELEASING = YES;
				CLANG_WARN_BOOL_CONVERSION = YES;
				CLANG_WARN_COMMA = YES;
				CLANG_WARN_CONSTANT_CONVERSION = YES;
				CLANG_WARN_DEPRECATED_OBJC_IMPLEMENTATIONS = YES;
				CLANG_WARN_DIRECT_OBJC_ISA_USAGE = YES_ERROR;
				CLANG_WARN_DOCUMENTATION_COMMENTS = YES;
				CLANG_WARN_EMPTY_BODY = YES;
				CLANG_WARN_ENUM_CONVERSION = YES;
				CLANG_WARN_INFINITE_RECURSION = YES;
				CLANG_WARN_INT_CONVERSION = YES;
				CLANG_WARN_NON_LITERAL_NULL_CONVERSION = YES;
				CLANG_WARN_OBJC_IMPLICIT_RETAIN_SELF = YES;
				CLANG_WARN_OBJC_LITERAL_CONVERSION = YES;
				CLANG_WARN_OBJC_ROOT_CLASS = YES_ERROR;
				CLANG_WARN_QUOTED_INCLUDE_IN_FRAMEWORK_HEADER = YES;
				CLANG_WARN_RANGE_LOOP_ANALYSIS = YES;
				CLANG_WARN_STRICT_PROTOTYPES = YES;
				CLANG_WARN_SUSPICIOUS_MOVE = YES;
				CLANG_WARN_UNGUARDED_AVAILABILITY = YES_AGGRESSIVE;
				CLANG_WARN_UNREACHABLE_CODE = YES;
				CLANG_WARN__DUPLICATE_METHOD_MATCH = YES;
				COPY_PHASE_STRIP = NO;
				DEBUG_INFORMATION_FORMAT = "dwarf-with-dsym";
				ENABLE_NS_ASSERTIONS = NO;
				ENABLE_STRICT_OBJC_MSGSEND = YES;
				GCC_C_LANGUAGE_STANDARD = gnu11;
				GCC_NO_COMMON_BLOCKS = YES;
				GCC_WARN_64_TO_32_BIT_CONVERSION = YES;
				GCC_WARN_ABOUT_RETURN_TYPE = YES_ERROR;
				GCC_WARN_UNDECLARED_SELECTOR = YES;
				GCC_WARN_UNINITIALIZED_AUTOS = YES_AGGRESSIVE;
				GCC_WARN_UNUSED_FUNCTION = YES;
				GCC_WARN_UNUSED_VARIABLE = YES;
				IPHONEOS_DEPLOYMENT_TARGET = 14.5;
				MTL_ENABLE_DEBUG_INFO = NO;
				MTL_FAST_MATH = YES;
				SDKROOT = iphoneos;
				SWIFT_COMPILATION_MODE = wholemodule;
				SWIFT_OPTIMIZATION_LEVEL = "-O";
				VALIDATE_PRODUCT = YES;
			};
			name = Release;
		};
		D9B6ECA226BCCCAF00F2BA23 /* Debug */ = {
			isa = XCBuildConfiguration;
			buildSettings = {
				ASSETCATALOG_COMPILER_APPICON_NAME = AppIcon;
				ASSETCATALOG_COMPILER_GLOBAL_ACCENT_COLOR_NAME = AccentColor;
				CODE_SIGN_STYLE = Automatic;
				DEVELOPMENT_ASSET_PATHS = "\"API Calling/Preview Content\"";
				ENABLE_PREVIEWS = YES;
				INFOPLIST_FILE = "API Calling/Info.plist";
				IPHONEOS_DEPLOYMENT_TARGET = 14.0;
				LD_RUNPATH_SEARCH_PATHS = (
					"$(inherited)",
					"@executable_path/Frameworks",
				);
				PRODUCT_BUNDLE_IDENTIFIER = "Ryan-Ahn.API-Calling";
				PRODUCT_NAME = "$(TARGET_NAME)";
				SWIFT_VERSION = 5.0;
				TARGETED_DEVICE_FAMILY = "1,2";
			};
			name = Debug;
		};
		D9B6ECA326BCCCAF00F2BA23 /* Release */ = {
			isa = XCBuildConfiguration;
			buildSettings = {
				ASSETCATALOG_COMPILER_APPICON_NAME = AppIcon;
				ASSETCATALOG_COMPILER_GLOBAL_ACCENT_COLOR_NAME = AccentColor;
				CODE_SIGN_STYLE = Automatic;
				DEVELOPMENT_ASSET_PATHS = "\"API Calling/Preview Content\"";
				ENABLE_PREVIEWS = YES;
				INFOPLIST_FILE = "API Calling/Info.plist";
				IPHONEOS_DEPLOYMENT_TARGET = 14.0;
				LD_RUNPATH_SEARCH_PATHS = (
					"$(inherited)",
					"@executable_path/Frameworks",
				);
				PRODUCT_BUNDLE_IDENTIFIER = "Ryan-Ahn.API-Calling";
				PRODUCT_NAME = "$(TARGET_NAME)";
				SWIFT_VERSION = 5.0;
				TARGETED_DEVICE_FAMILY = "1,2";
			};
			name = Release;
		};
		D9B6ECA526BCCCAF00F2BA23 /* Debug */ = {
			isa = XCBuildConfiguration;
			buildSettings = {
				ALWAYS_EMBED_SWIFT_STANDARD_LIBRARIES = YES;
				BUNDLE_LOADER = "$(TEST_HOST)";
				CODE_SIGN_STYLE = Automatic;
				INFOPLIST_FILE = "API CallingTests/Info.plist";
				IPHONEOS_DEPLOYMENT_TARGET = 14.0;
				LD_RUNPATH_SEARCH_PATHS = (
					"$(inherited)",
					"@executable_path/Frameworks",
					"@loader_path/Frameworks",
				);
				PRODUCT_BUNDLE_IDENTIFIER = "Ryan-Ahn.API-CallingTests";
				PRODUCT_NAME = "$(TARGET_NAME)";
				SWIFT_VERSION = 5.0;
				TARGETED_DEVICE_FAMILY = "1,2";
				TEST_HOST = "$(BUILT_PRODUCTS_DIR)/API Calling.app/API Calling";
			};
			name = Debug;
		};
		D9B6ECA626BCCCAF00F2BA23 /* Release */ = {
			isa = XCBuildConfiguration;
			buildSettings = {
				ALWAYS_EMBED_SWIFT_STANDARD_LIBRARIES = YES;
				BUNDLE_LOADER = "$(TEST_HOST)";
				CODE_SIGN_STYLE = Automatic;
				INFOPLIST_FILE = "API CallingTests/Info.plist";
				IPHONEOS_DEPLOYMENT_TARGET = 14.0;
				LD_RUNPATH_SEARCH_PATHS = (
					"$(inherited)",
					"@executable_path/Frameworks",
					"@loader_path/Frameworks",
				);
				PRODUCT_BUNDLE_IDENTIFIER = "Ryan-Ahn.API-CallingTests";
				PRODUCT_NAME = "$(TARGET_NAME)";
				SWIFT_VERSION = 5.0;
				TARGETED_DEVICE_FAMILY = "1,2";
				TEST_HOST = "$(BUILT_PRODUCTS_DIR)/API Calling.app/API Calling";
			};
			name = Release;
		};
		D9B6ECA826BCCCAF00F2BA23 /* Debug */ = {
			isa = XCBuildConfiguration;
			buildSettings = {
				ALWAYS_EMBED_SWIFT_STANDARD_LIBRARIES = YES;
				CODE_SIGN_STYLE = Automatic;
				INFOPLIST_FILE = "API CallingUITests/Info.plist";
				LD_RUNPATH_SEARCH_PATHS = (
					"$(inherited)",
					"@executable_path/Frameworks",
					"@loader_path/Frameworks",
				);
				PRODUCT_BUNDLE_IDENTIFIER = "Ryan-Ahn.API-CallingUITests";
				PRODUCT_NAME = "$(TARGET_NAME)";
				SWIFT_VERSION = 5.0;
				TARGETED_DEVICE_FAMILY = "1,2";
				TEST_TARGET_NAME = "API Calling";
			};
			name = Debug;
		};
		D9B6ECA926BCCCAF00F2BA23 /* Release */ = {
			isa = XCBuildConfiguration;
			buildSettings = {
				ALWAYS_EMBED_SWIFT_STANDARD_LIBRARIES = YES;
				CODE_SIGN_STYLE = Automatic;
				INFOPLIST_FILE = "API CallingUITests/Info.plist";
				LD_RUNPATH_SEARCH_PATHS = (
					"$(inherited)",
					"@executable_path/Frameworks",
					"@loader_path/Frameworks",
				);
				PRODUCT_BUNDLE_IDENTIFIER = "Ryan-Ahn.API-CallingUITests";
				PRODUCT_NAME = "$(TARGET_NAME)";
				SWIFT_VERSION = 5.0;
				TARGETED_DEVICE_FAMILY = "1,2";
				TEST_TARGET_NAME = "API Calling";
			};
			name = Release;
		};
/* End XCBuildConfiguration section */

/* Begin XCConfigurationList section */
		D9B6EC7726BCCCAD00F2BA23 /* Build configuration list for PBXProject "API Calling" */ = {
			isa = XCConfigurationList;
			buildConfigurations = (
				D9B6EC9F26BCCCAF00F2BA23 /* Debug */,
				D9B6ECA026BCCCAF00F2BA23 /* Release */,
			);
			defaultConfigurationIsVisible = 0;
			defaultConfigurationName = Release;
		};
		D9B6ECA126BCCCAF00F2BA23 /* Build configuration list for PBXNativeTarget "API Calling" */ = {
			isa = XCConfigurationList;
			buildConfigurations = (
				D9B6ECA226BCCCAF00F2BA23 /* Debug */,
				D9B6ECA326BCCCAF00F2BA23 /* Release */,
			);
			defaultConfigurationIsVisible = 0;
			defaultConfigurationName = Release;
		};
		D9B6ECA426BCCCAF00F2BA23 /* Build configuration list for PBXNativeTarget "API CallingTests" */ = {
			isa = XCConfigurationList;
			buildConfigurations = (
				D9B6ECA526BCCCAF00F2BA23 /* Debug */,
				D9B6ECA626BCCCAF00F2BA23 /* Release */,
			);
			defaultConfigurationIsVisible = 0;
			defaultConfigurationName = Release;
		};
		D9B6ECA726BCCCAF00F2BA23 /* Build configuration list for PBXNativeTarget "API CallingUITests" */ = {
			isa = XCConfigurationList;
			buildConfigurations = (
				D9B6ECA826BCCCAF00F2BA23 /* Debug */,
				D9B6ECA926BCCCAF00F2BA23 /* Release */,
			);
			defaultConfigurationIsVisible = 0;
			defaultConfigurationName = Release;
		};
/* End XCConfigurationList section */
	};
	rootObject = D9B6EC7426BCCCAD00F2BA23 /* Project object */;
}
